
Microsoft Visual Studio Solution File, Format Version 12.00
# Visual Studio Version 16
VisualStudioVersion = 16.0.31321.278
MinimumVisualStudioVersion = 10.0.40219.1
Project("{FAE04EC0-301F-11D3-BF4B-00C04F79EFBC}") = "WorldEdit", "WorldEdit\WorldEdit.csproj", "{A3D1291E-B52B-4FCB-B1B0-EA5F482B37CD}"
EndProject
Global
	GlobalSection(SolutionConfigurationPlatforms) = preSolution
		Debug|Any CPU = Debug|Any CPU
		Debug|x86 = Debug|x86
		Release|Any CPU = Release|Any CPU
		Release|x86 = Release|x86
	EndGlobalSection
	GlobalSection(ProjectConfigurationPlatforms) = postSolution
		{A3D1291E-B52B-4FCB-B1B0-EA5F482B37CD}.Debug|Any CPU.ActiveCfg = Debug|Any CPU
		{A3D1291E-B52B-4FCB-B1B0-EA5F482B37CD}.Debug|Any CPU.Build.0 = Debug|Any CPU
		{A3D1291E-B52B-4FCB-B1B0-EA5F482B37CD}.Debug|x86.ActiveCfg = Debug|x86
		{A3D1291E-B52B-4FCB-B1B0-EA5F482B37CD}.Debug|x86.Build.0 = Debug|x86
		{A3D1291E-B52B-4FCB-B1B0-EA5F482B37CD}.Release|Any CPU.ActiveCfg = Release|Any CPU
		{A3D1291E-B52B-4FCB-B1B0-EA5F482B37CD}.Release|Any CPU.Build.0 = Release|Any CPU
		{A3D1291E-B52B-4FCB-B1B0-EA5F482B37CD}.Release|x86.ActiveCfg = Release|x86
		{A3D1291E-B52B-4FCB-B1B0-EA5F482B37CD}.Release|x86.Build.0 = Release|x86
	EndGlobalSection
	GlobalSection(SolutionProperties) = preSolution
		HideSolutionNode = FALSE
	EndGlobalSection
	GlobalSection(ExtensibilityGlobals) = postSolution
		SolutionGuid = {BC0E24B8-D398-4A1B-B9BC-A3EC21C726AC}
	EndGlobalSection
EndGlobal
